// !$*UTF8*$!
{
	archiveVersion = 1;
	classes = {
	};
	objectVersion = 56;
	objects = {

/* Begin PBXBuildFile section */
		EECBECB42BC17D35003D9D31 /* AppDelegate.swift in Sources */ = {isa = PBXBuildFile; fileRef = EECBECB32BC17D35003D9D31 /* AppDelegate.swift */; };
		EECBECB82BC17D35003D9D31 /* ViewController.swift in Sources */ = {isa = PBXBuildFile; fileRef = EECBECB72BC17D35003D9D31 /* ViewController.swift */; };
		EECBECBD2BC17D36003D9D31 /* Assets.xcassets in Resources */ = {isa = PBXBuildFile; fileRef = EECBECBC2BC17D36003D9D31 /* Assets.xcassets */; };
		EECBECC02BC17D36003D9D31 /* LaunchScreen.storyboard in Resources */ = {isa = PBXBuildFile; fileRef = EECBECBE2BC17D36003D9D31 /* LaunchScreen.storyboard */; };
		EECBECD42BC17F3E003D9D31 /* ServiceManager.swift in Sources */ = {isa = PBXBuildFile; fileRef = EECBECD32BC17F3E003D9D31 /* ServiceManager.swift */; };
		EECBECD92BC184DB003D9D31 /* APIError.swift in Sources */ = {isa = PBXBuildFile; fileRef = EECBECD82BC184DB003D9D31 /* APIError.swift */; };
		EECBECDC2BC1852B003D9D31 /* URLRequestBuilder.swift in Sources */ = {isa = PBXBuildFile; fileRef = EECBECDB2BC1852B003D9D31 /* URLRequestBuilder.swift */; };
		EECBECDE2BC187B3003D9D31 /* UserModel.swift in Sources */ = {isa = PBXBuildFile; fileRef = EECBECDD2BC187B3003D9D31 /* UserModel.swift */; };
		EECBECE02BC18C76003D9D31 /* UserPaths.swift in Sources */ = {isa = PBXBuildFile; fileRef = EECBECDF2BC18C76003D9D31 /* UserPaths.swift */; };
		EECBECE32BC1FFB9003D9D31 /* NetworkRoutes.swift in Sources */ = {isa = PBXBuildFile; fileRef = EECBECE22BC1FFB9003D9D31 /* NetworkRoutes.swift */; };
/* End PBXBuildFile section */

/* Begin PBXFileReference section */
		EECBECB02BC17D35003D9D31 /* template.app */ = {isa = PBXFileReference; explicitFileType = wrapper.application; includeInIndex = 0; path = template.app; sourceTree = BUILT_PRODUCTS_DIR; };
		EECBECB32BC17D35003D9D31 /* AppDelegate.swift */ = {isa = PBXFileReference; lastKnownFileType = sourcecode.swift; path = AppDelegate.swift; sourceTree = "<group>"; };
		EECBECB72BC17D35003D9D31 /* ViewController.swift */ = {isa = PBXFileReference; lastKnownFileType = sourcecode.swift; path = ViewController.swift; sourceTree = "<group>"; };
		EECBECBC2BC17D36003D9D31 /* Assets.xcassets */ = {isa = PBXFileReference; lastKnownFileType = folder.assetcatalog; path = Assets.xcassets; sourceTree = "<group>"; };
		EECBECBF2BC17D36003D9D31 /* Base */ = {isa = PBXFileReference; lastKnownFileType = file.storyboard; name = Base; path = Base.lproj/LaunchScreen.storyboard; sourceTree = "<group>"; };
		EECBECC12BC17D36003D9D31 /* Info.plist */ = {isa = PBXFileReference; lastKnownFileType = text.plist.xml; path = Info.plist; sourceTree = "<group>"; };
		EECBECD32BC17F3E003D9D31 /* ServiceManager.swift */ = {isa = PBXFileReference; lastKnownFileType = sourcecode.swift; path = ServiceManager.swift; sourceTree = "<group>"; };
		EECBECD82BC184DB003D9D31 /* APIError.swift */ = {isa = PBXFileReference; lastKnownFileType = sourcecode.swift; path = APIError.swift; sourceTree = "<group>"; };
		EECBECDB2BC1852B003D9D31 /* URLRequestBuilder.swift */ = {isa = PBXFileReference; lastKnownFileType = sourcecode.swift; path = URLRequestBuilder.swift; sourceTree = "<group>"; };
		EECBECDD2BC187B3003D9D31 /* UserModel.swift */ = {isa = PBXFileReference; lastKnownFileType = sourcecode.swift; path = UserModel.swift; sourceTree = "<group>"; };
		EECBECDF2BC18C76003D9D31 /* UserPaths.swift */ = {isa = PBXFileReference; lastKnownFileType = sourcecode.swift; path = UserPaths.swift; sourceTree = "<group>"; };
		EECBECE22BC1FFB9003D9D31 /* NetworkRoutes.swift */ = {isa = PBXFileReference; lastKnownFileType = sourcecode.swift; path = NetworkRoutes.swift; sourceTree = "<group>"; };
/* End PBXFileReference section */

/* Begin PBXFrameworksBuildPhase section */
		EECBECAD2BC17D35003D9D31 /* Frameworks */ = {
			isa = PBXFrameworksBuildPhase;
			buildActionMask = 2147483647;
			files = (
			);
			runOnlyForDeploymentPostprocessing = 0;
		};
/* End PBXFrameworksBuildPhase section */

/* Begin PBXGroup section */
		EECBECA72BC17D35003D9D31 = {
			isa = PBXGroup;
			children = (
				EECBECB22BC17D35003D9D31 /* template */,
				EECBECB12BC17D35003D9D31 /* Products */,
			);
			sourceTree = "<group>";
		};
		EECBECB12BC17D35003D9D31 /* Products */ = {
			isa = PBXGroup;
			children = (
				EECBECB02BC17D35003D9D31 /* template.app */,
			);
			name = Products;
			sourceTree = "<group>";
		};
		EECBECB22BC17D35003D9D31 /* template */ = {
			isa = PBXGroup;
			children = (
				EECBECC72BC17D95003D9D31 /* Service */,
				EECBECB32BC17D35003D9D31 /* AppDelegate.swift */,
				EECBECB72BC17D35003D9D31 /* ViewController.swift */,
				EECBECBC2BC17D36003D9D31 /* Assets.xcassets */,
				EECBECBE2BC17D36003D9D31 /* LaunchScreen.storyboard */,
				EECBECC12BC17D36003D9D31 /* Info.plist */,
			);
			path = template;
			sourceTree = "<group>";
		};
		EECBECC72BC17D95003D9D31 /* Service */ = {
			isa = PBXGroup;
			children = (
				EECBECE12BC1FFAB003D9D31 /* Paths */,
				EECBECDA2BC18514003D9D31 /* Protocol */,
				EECBECD22BC17F35003D9D31 /* Manager */,
				EECBECC82BC17D9A003D9D31 /* Enum */,
				EECBECD12BC17EA4003D9D31 /* Model */,
			);
			path = Service;
			sourceTree = "<group>";
		};
		EECBECC82BC17D9A003D9D31 /* Enum */ = {
			isa = PBXGroup;
			children = (
				EECBECD82BC184DB003D9D31 /* APIError.swift */,
				EECBECDF2BC18C76003D9D31 /* UserPaths.swift */,
			);
			path = Enum;
			sourceTree = "<group>";
		};
		EECBECD12BC17EA4003D9D31 /* Model */ = {
			isa = PBXGroup;
			children = (
				EECBECDD2BC187B3003D9D31 /* UserModel.swift */,
			);
			path = Model;
			sourceTree = "<group>";
		};
		EECBECD22BC17F35003D9D31 /* Manager */ = {
			isa = PBXGroup;
			children = (
				EECBECD32BC17F3E003D9D31 /* ServiceManager.swift */,
			);
			path = Manager;
			sourceTree = "<group>";
		};
		EECBECDA2BC18514003D9D31 /* Protocol */ = {
			isa = PBXGroup;
			children = (
				EECBECDB2BC1852B003D9D31 /* URLRequestBuilder.swift */,
			);
			path = Protocol;
			sourceTree = "<group>";
		};
		EECBECE12BC1FFAB003D9D31 /* Paths */ = {
			isa = PBXGroup;
			children = (
				EECBECE22BC1FFB9003D9D31 /* NetworkRoutes.swift */,
			);
			path = Paths;
			sourceTree = "<group>";
		};
/* End PBXGroup section */

/* Begin PBXNativeTarget section */
		EECBECAF2BC17D35003D9D31 /* template */ = {
			isa = PBXNativeTarget;
			buildConfigurationList = EECBECC42BC17D36003D9D31 /* Build configuration list for PBXNativeTarget "template" */;
			buildPhases = (
				EECBECAC2BC17D35003D9D31 /* Sources */,
				EECBECAD2BC17D35003D9D31 /* Frameworks */,
				EECBECAE2BC17D35003D9D31 /* Resources */,
			);
			buildRules = (
			);
			dependencies = (
			);
			name = template;
			productName = template;
			productReference = EECBECB02BC17D35003D9D31 /* template.app */;
			productType = "com.apple.product-type.application";
		};
/* End PBXNativeTarget section */

/* Begin PBXProject section */
		EECBECA82BC17D35003D9D31 /* Project object */ = {
			isa = PBXProject;
			attributes = {
				BuildIndependentTargetsInParallel = 1;
				LastSwiftUpdateCheck = 1510;
				LastUpgradeCheck = 1510;
				TargetAttributes = {
					EECBECAF2BC17D35003D9D31 = {
						CreatedOnToolsVersion = 15.1;
					};
				};
			};
			buildConfigurationList = EECBECAB2BC17D35003D9D31 /* Build configuration list for PBXProject "template" */;
			compatibilityVersion = "Xcode 14.0";
			developmentRegion = en;
			hasScannedForEncodings = 0;
			knownRegions = (
				en,
				Base,
			);
			mainGroup = EECBECA72BC17D35003D9D31;
			productRefGroup = EECBECB12BC17D35003D9D31 /* Products */;
			projectDirPath = "";
			projectRoot = "";
			targets = (
				EECBECAF2BC17D35003D9D31 /* template */,
			);
		};
/* End PBXProject section */

/* Begin PBXResourcesBuildPhase section */
		EECBECAE2BC17D35003D9D31 /* Resources */ = {
			isa = PBXResourcesBuildPhase;
			buildActionMask = 2147483647;
			files = (
				EECBECC02BC17D36003D9D31 /* LaunchScreen.storyboard in Resources */,
				EECBECBD2BC17D36003D9D31 /* Assets.xcassets in Resources */,
			);
			runOnlyForDeploymentPostprocessing = 0;
		};
/* End PBXResourcesBuildPhase section */

/* Begin PBXSourcesBuildPhase section */
		EECBECAC2BC17D35003D9D31 /* Sources */ = {
			isa = PBXSourcesBuildPhase;
			buildActionMask = 2147483647;
			files = (
				EECBECB82BC17D35003D9D31 /* ViewController.swift in Sources */,
				EECBECDE2BC187B3003D9D31 /* UserModel.swift in Sources */,
				EECBECE32BC1FFB9003D9D31 /* NetworkRoutes.swift in Sources */,
				EECBECB42BC17D35003D9D31 /* AppDelegate.swift in Sources */,
				EECBECE02BC18C76003D9D31 /* UserPaths.swift in Sources */,
				EECBECD92BC184DB003D9D31 /* APIError.swift in Sources */,
				EECBECD42BC17F3E003D9D31 /* ServiceManager.swift in Sources */,
				EECBECDC2BC1852B003D9D31 /* URLRequestBuilder.swift in Sources */,
			);
			runOnlyForDeploymentPostprocessing = 0;
		};
/* End PBXSourcesBuildPhase section */

/* Begin PBXVariantGroup section */
		EECBECBE2BC17D36003D9D31 /* LaunchScreen.storyboard */ = {
			isa = PBXVariantGroup;
			children = (
				EECBECBF2BC17D36003D9D31 /* Base */,
			);
			name = LaunchScreen.storyboard;
			sourceTree = "<group>";
		};
/* End PBXVariantGroup section */

/* Begin XCBuildConfiguration section */
		EECBECC22BC17D36003D9D31 /* Debug */ = {
			isa = XCBuildConfiguration;
			buildSettings = {
				ALWAYS_SEARCH_USER_PATHS = NO;
				ASSETCATALOG_COMPILER_GENERATE_SWIFT_ASSET_SYMBOL_EXTENSIONS = YES;
				CLANG_ANALYZER_NONNULL = YES;
				CLANG_ANALYZER_NUMBER_OBJECT_CONVERSION = YES_AGGRESSIVE;
				CLANG_CXX_LANGUAGE_STANDARD = "gnu++20";
				CLANG_ENABLE_MODULES = YES;
				CLANG_ENABLE_OBJC_ARC = YES;
				CLANG_ENABLE_OBJC_WEAK = YES;
				CLANG_WARN_BLOCK_CAPTURE_AUTORELEASING = YES;
				CLANG_WARN_BOOL_CONVERSION = YES;
				CLANG_WARN_COMMA = YES;
				CLANG_WARN_CONSTANT_CONVERSION = YES;
				CLANG_WARN_DEPRECATED_OBJC_IMPLEMENTATIONS = YES;
				CLANG_WARN_DIRECT_OBJC_ISA_USAGE = YES_ERROR;
				CLANG_WARN_DOCUMENTATION_COMMENTS = YES;
				CLANG_WARN_EMPTY_BODY = YES;
				CLANG_WARN_ENUM_CONVERSION = YES;
				CLANG_WARN_INFINITE_RECURSION = YES;
				CLANG_WARN_INT_CONVERSION = YES;
				CLANG_WARN_NON_LITERAL_NULL_CONVERSION = YES;
				CLANG_WARN_OBJC_IMPLICIT_RETAIN_SELF = YES;
				CLANG_WARN_OBJC_LITERAL_CONVERSION = YES;
				CLANG_WARN_OBJC_ROOT_CLASS = YES_ERROR;
				CLANG_WARN_QUOTED_INCLUDE_IN_FRAMEWORK_HEADER = YES;
				CLANG_WARN_RANGE_LOOP_ANALYSIS = YES;
				CLANG_WARN_STRICT_PROTOTYPES = YES;
				CLANG_WARN_SUSPICIOUS_MOVE = YES;
				CLANG_WARN_UNGUARDED_AVAILABILITY = YES_AGGRESSIVE;
				CLANG_WARN_UNREACHABLE_CODE = YES;
				CLANG_WARN__DUPLICATE_METHOD_MATCH = YES;
				COPY_PHASE_STRIP = NO;
				DEBUG_INFORMATION_FORMAT = dwarf;
				ENABLE_STRICT_OBJC_MSGSEND = YES;
				ENABLE_TESTABILITY = YES;
				ENABLE_USER_SCRIPT_SANDBOXING = YES;
				GCC_C_LANGUAGE_STANDARD = gnu17;
				GCC_DYNAMIC_NO_PIC = NO;
				GCC_NO_COMMON_BLOCKS = YES;
				GCC_OPTIMIZATION_LEVEL = 0;
				GCC_PREPROCESSOR_DEFINITIONS = (
					"DEBUG=1",
					"$(inherited)",
				);
				GCC_WARN_64_TO_32_BIT_CONVERSION = YES;
				GCC_WARN_ABOUT_RETURN_TYPE = YES_ERROR;
				GCC_WARN_UNDECLARED_SELECTOR = YES;
				GCC_WARN_UNINITIALIZED_AUTOS = YES_AGGRESSIVE;
				GCC_WARN_UNUSED_FUNCTION = YES;
				GCC_WARN_UNUSED_VARIABLE = YES;
				IPHONEOS_DEPLOYMENT_TARGET = 17.2;
				LOCALIZATION_PREFERS_STRING_CATALOGS = YES;
				MTL_ENABLE_DEBUG_INFO = INCLUDE_SOURCE;
				MTL_FAST_MATH = YES;
				ONLY_ACTIVE_ARCH = YES;
				SDKROOT = iphoneos;
				SWIFT_ACTIVE_COMPILATION_CONDITIONS = "DEBUG $(inherited)";
				SWIFT_OPTIMIZATION_LEVEL = "-Onone";
			};
			name = Debug;
		};
		EECBECC32BC17D36003D9D31 /* Release */ = {
			isa = XCBuildConfiguration;
			buildSettings = {
				ALWAYS_SEARCH_USER_PATHS = NO;
				ASSETCATALOG_COMPILER_GENERATE_SWIFT_ASSET_SYMBOL_EXTENSIONS = YES;
				CLANG_ANALYZER_NONNULL = YES;
				CLANG_ANALYZER_NUMBER_OBJECT_CONVERSION = YES_AGGRESSIVE;
				CLANG_CXX_LANGUAGE_STANDARD = "gnu++20";
				CLANG_ENABLE_MODULES = YES;
				CLANG_ENABLE_OBJC_ARC = YES;
				CLANG_ENABLE_OBJC_WEAK = YES;
				CLANG_WARN_BLOCK_CAPTURE_AUTORELEASING = YES;
				CLANG_WARN_BOOL_CONVERSION = YES;
				CLANG_WARN_COMMA = YES;
				CLANG_WARN_CONSTANT_CONVERSION = YES;
				CLANG_WARN_DEPRECATED_OBJC_IMPLEMENTATIONS = YES;
				CLANG_WARN_DIRECT_OBJC_ISA_USAGE = YES_ERROR;
				CLANG_WARN_DOCUMENTATION_COMMENTS = YES;
				CLANG_WARN_EMPTY_BODY = YES;
				CLANG_WARN_ENUM_CONVERSION = YES;
				CLANG_WARN_INFINITE_RECURSION = YES;
				CLANG_WARN_INT_CONVERSION = YES;
				CLANG_WARN_NON_LITERAL_NULL_CONVERSION = YES;
				CLANG_WARN_OBJC_IMPLICIT_RETAIN_SELF = YES;
				CLANG_WARN_OBJC_LITERAL_CONVERSION = YES;
				CLANG_WARN_OBJC_ROOT_CLASS = YES_ERROR;
				CLANG_WARN_QUOTED_INCLUDE_IN_FRAMEWORK_HEADER = YES;
				CLANG_WARN_RANGE_LOOP_ANALYSIS = YES;
				CLANG_WARN_STRICT_PROTOTYPES = YES;
				CLANG_WARN_SUSPICIOUS_MOVE = YES;
				CLANG_WARN_UNGUARDED_AVAILABILITY = YES_AGGRESSIVE;
				CLANG_WARN_UNREACHABLE_CODE = YES;
				CLANG_WARN__DUPLICATE_METHOD_MATCH = YES;
				COPY_PHASE_STRIP = NO;
				DEBUG_INFORMATION_FORMAT = "dwarf-with-dsym";
				ENABLE_NS_ASSERTIONS = NO;
				ENABLE_STRICT_OBJC_MSGSEND = YES;
				ENABLE_USER_SCRIPT_SANDBOXING = YES;
				GCC_C_LANGUAGE_STANDARD = gnu17;
				GCC_NO_COMMON_BLOCKS = YES;
				GCC_WARN_64_TO_32_BIT_CONVERSION = YES;
				GCC_WARN_ABOUT_RETURN_TYPE = YES_ERROR;
				GCC_WARN_UNDECLARED_SELECTOR = YES;
				GCC_WARN_UNINITIALIZED_AUTOS = YES_AGGRESSIVE;
				GCC_WARN_UNUSED_FUNCTION = YES;
				GCC_WARN_UNUSED_VARIABLE = YES;
				IPHONEOS_DEPLOYMENT_TARGET = 17.2;
				LOCALIZATION_PREFERS_STRING_CATALOGS = YES;
				MTL_ENABLE_DEBUG_INFO = NO;
				MTL_FAST_MATH = YES;
				SDKROOT = iphoneos;
				SWIFT_COMPILATION_MODE = wholemodule;
				VALIDATE_PRODUCT = YES;
			};
			name = Release;
		};
		EECBECC52BC17D36003D9D31 /* Debug */ = {
			isa = XCBuildConfiguration;
			buildSettings = {
				ASSETCATALOG_COMPILER_APPICON_NAME = AppIcon;
				ASSETCATALOG_COMPILER_GLOBAL_ACCENT_COLOR_NAME = AccentColor;
				CODE_SIGN_STYLE = Automatic;
				CURRENT_PROJECT_VERSION = 1;
				GENERATE_INFOPLIST_FILE = YES;
				INFOPLIST_FILE = template/Info.plist;
				INFOPLIST_KEY_UIApplicationSupportsIndirectInputEvents = YES;
				INFOPLIST_KEY_UILaunchStoryboardName = LaunchScreen;
				INFOPLIST_KEY_UISupportedInterfaceOrientations_iPad = "UIInterfaceOrientationPortrait UIInterfaceOrientationPortraitUpsideDown UIInterfaceOrientationLandscapeLeft UIInterfaceOrientationLandscapeRight";
				INFOPLIST_KEY_UISupportedInterfaceOrientations_iPhone = "UIInterfaceOrientationPortrait UIInterfaceOrientationLandscapeLeft UIInterfaceOrientationLandscapeRight";
				LD_RUNPATH_SEARCH_PATHS = (
					"$(inherited)",
					"@executable_path/Frameworks",
				);
				MARKETING_VERSION = 1.0;
				PRODUCT_BUNDLE_IDENTIFIER = com.sample.template;
				PRODUCT_NAME = "$(TARGET_NAME)";
				SWIFT_EMIT_LOC_STRINGS = YES;
				SWIFT_VERSION = 5.0;
				TARGETED_DEVICE_FAMILY = "1,2";
			};
			name = Debug;
		};
		EECBECC62BC17D36003D9D31 /* Release */ = {
			isa = XCBuildConfiguration;
			buildSettings = {
				ASSETCATALOG_COMPILER_APPICON_NAME = AppIcon;
				ASSETCATALOG_COMPILER_GLOBAL_ACCENT_COLOR_NAME = AccentColor;
				CODE_SIGN_STYLE = Automatic;
				CURRENT_PROJECT_VERSION = 1;
				GENERATE_INFOPLIST_FILE = YES;
				INFOPLIST_FILE = template/Info.plist;
				INFOPLIST_KEY_UIApplicationSupportsIndirectInputEvents = YES;
				INFOPLIST_KEY_UILaunchStoryboardName = LaunchScreen;
				INFOPLIST_KEY_UISupportedInterfaceOrientations_iPad = "UIInterfaceOrientationPortrait UIInterfaceOrientationPortraitUpsideDown UIInterfaceOrientationLandscapeLeft UIInterfaceOrientationLandscapeRight";
				INFOPLIST_KEY_UISupportedInterfaceOrientations_iPhone = "UIInterfaceOrientationPortrait UIInterfaceOrientationLandscapeLeft UIInterfaceOrientationLandscapeRight";
				LD_RUNPATH_SEARCH_PATHS = (
					"$(inherited)",
					"@executable_path/Frameworks",
				);
				MARKETING_VERSION = 1.0;
				PRODUCT_BUNDLE_IDENTIFIER = com.sample.template;
				PRODUCT_NAME = "$(TARGET_NAME)";
				SWIFT_EMIT_LOC_STRINGS = YES;
				SWIFT_VERSION = 5.0;
				TARGETED_DEVICE_FAMILY = "1,2";
			};
			name = Release;
		};
/* End XCBuildConfiguration section */

/* Begin XCConfigurationList section */
		EECBECAB2BC17D35003D9D31 /* Build configuration list for PBXProject "template" */ = {
			isa = XCConfigurationList;
			buildConfigurations = (
				EECBECC22BC17D36003D9D31 /* Debug */,
				EECBECC32BC17D36003D9D31 /* Release */,
			);
			defaultConfigurationIsVisible = 0;
			defaultConfigurationName = Release;
		};
		EECBECC42BC17D36003D9D31 /* Build configuration list for PBXNativeTarget "template" */ = {
			isa = XCConfigurationList;
			buildConfigurations = (
				EECBECC52BC17D36003D9D31 /* Debug */,
				EECBECC62BC17D36003D9D31 /* Release */,
			);
			defaultConfigurationIsVisible = 0;
			defaultConfigurationName = Release;
		};
/* End XCConfigurationList section */
	};
	rootObject = EECBECA82BC17D35003D9D31 /* Project object */;
}
